{
  "requires": true,
  "lockfileVersion": 1,
  "dependencies": {
    "@types/swiper": {
      "version": "5.4.2",
      "resolved": "https://registry.npmjs.org/@types/swiper/-/swiper-5.4.2.tgz",
      "integrity": "sha512-/7MaVDZ8ltMCZb6yfg1HWBRjwFjy9ytKpuPSZfNTrxpkQCaGQZdpceDSqKaSfGmJcVF0NcBFRsGTStyytV7grw==",
      "dev": true
    },
    "material": {
      "version": "0.4.3",
      "resolved": "https://registry.npmjs.org/material/-/material-0.4.3.tgz",
      "integrity": "sha512-uZM0D1V6rNNuiKsKKEY+Tf+2i+9FDcl1+eW10Wlta34ILPW3IiLqEZTLNHzq7bVkQFQBMvG8rLl0gmdmwyknkw=="
    }
  }
}
